
Microsoft Visual Studio Solution File, Format Version 12.00
# Visual Studio Version 17
VisualStudioVersion = 17.0.32112.339
MinimumVisualStudioVersion = 10.0.40219.1
Project("{2150E333-8FDC-42A3-9474-1A3956D46DE8}") = "Class01", "Class01", "{31DFBC2B-620C-4895-957F-30FCE8D2F94E}"
EndProject
Project("{2150E333-8FDC-42A3-9474-1A3956D46DE8}") = "Class02", "Class02", "{EFAAB71F-7EC5-4816-A805-9286A5BF5384}"
EndProject
Project("{2150E333-8FDC-42A3-9474-1A3956D46DE8}") = "Class03", "Class03", "{178EDA35-E203-44FC-A01F-B81AFF79DAFD}"
EndProject
Project("{2150E333-8FDC-42A3-9474-1A3956D46DE8}") = "Class04", "Class04", "{3ABFCD2C-4DD6-40F1-842A-44A6B7D33B89}"
EndProject
Project("{2150E333-8FDC-42A3-9474-1A3956D46DE8}") = "Class05", "Class05", "{1949FDEF-9296-4D6E-A36A-18E10775AC5D}"
EndProject
Project("{2150E333-8FDC-42A3-9474-1A3956D46DE8}") = "Class06", "Class06", "{D45E16A8-CE25-4A57-B2EE-5A7AB7073CBD}"
EndProject
Project("{2150E333-8FDC-42A3-9474-1A3956D46DE8}") = "Class07", "Class07", "{796E6D02-0059-4796-8C6F-1609A84BD124}"
EndProject
Project("{2150E333-8FDC-42A3-9474-1A3956D46DE8}") = "Class08", "Class08", "{00C3ACB7-D8BA-4966-A848-3C32CF484B5B}"
EndProject
Project("{2150E333-8FDC-42A3-9474-1A3956D46DE8}") = "Class09", "Class09", "{E5DD4F66-A0DD-46D4-AA18-51559E713C56}"
EndProject
Project("{9A19103F-16F7-4668-BE54-9A1E7A4F7556}") = "OurFirstProject", "OurFirstProject\OurFirstProject.csproj", "{37787600-3ED8-4CE1-B441-A5613C59ACB8}"
EndProject
Project("{9A19103F-16F7-4668-BE54-9A1E7A4F7556}") = "CSharpDataTypes", "CSharpDataTypes\CSharpDataTypes.csproj", "{A68FAE35-5A58-4364-A55A-DDD5A004E8E2}"
EndProject
Project("{9A19103F-16F7-4668-BE54-9A1E7A4F7556}") = "ParsingData", "ParsingData\ParsingData.csproj", "{AE246C09-4D3D-43FD-AD2A-05A568D81C2B}"
EndProject
Project("{9A19103F-16F7-4668-BE54-9A1E7A4F7556}") = "TreesExcercise", "TreesExcercise\TreesExcercise.csproj", "{EF7FDBCA-3446-4094-BE1D-054B50FE1557}"
EndProject
Project("{9A19103F-16F7-4668-BE54-9A1E7A4F7556}") = "Loops", "Loops\Loops.csproj", "{C62F1457-38AA-4289-BA3C-E498811C549F}"
EndProject
Project("{9A19103F-16F7-4668-BE54-9A1E7A4F7556}") = "Arrays", "Arrays\Arrays.csproj", "{B543E212-B989-4387-A00A-2969B2A3ED0F}"
EndProject
Project("{9A19103F-16F7-4668-BE54-9A1E7A4F7556}") = "Methods", "Methods\Methods.csproj", "{7F762087-4AF6-49CF-ABF4-12B716B20AC3}"
EndProject
Project("{9A19103F-16F7-4668-BE54-9A1E7A4F7556}") = "ExerciseMethods", "ExerciseMethods\ExerciseMethods.csproj", "{7EDC3740-4343-4536-AC9B-DFC785FE89F2}"
EndProject
Project("{9A19103F-16F7-4668-BE54-9A1E7A4F7556}") = "Strings", "Strings\Strings.csproj", "{0E9FFCD4-106E-45F6-A404-1334503B20F4}"
EndProject
Project("{9A19103F-16F7-4668-BE54-9A1E7A4F7556}") = "Dates", "Dates\Dates.csproj", "{272F96C1-EB08-4AD5-810A-6D0659337CAC}"
EndProject
Project("{9A19103F-16F7-4668-BE54-9A1E7A4F7556}") = "CSharpClasses", "CSharpClasses\CSharpClasses.csproj", "{E3A1DCED-7E89-4990-8FF7-5069CDCB1E56}"
EndProject
Project("{FAE04EC0-301F-11D3-BF4B-00C04F79EFBC}") = "Task1", "Task1\Task1.csproj", "{23524D78-B78A-4263-95C5-F6EDA6EE1545}"
EndProject
Project("{FAE04EC0-301F-11D3-BF4B-00C04F79EFBC}") = "Task2", "Task2\Task2.csproj", "{685A2954-87E8-4AC4-8125-2421E2BD172B}"
EndProject
Project("{FAE04EC0-301F-11D3-BF4B-00C04F79EFBC}") = "Task3", "Task3\Task3.csproj", "{733E3289-D412-4C33-8929-0470F2677E21}"
EndProject
Project("{FAE04EC0-301F-11D3-BF4B-00C04F79EFBC}") = "Task4", "Task4\Task4.csproj", "{E28BC19B-D6CB-4085-B8A4-53C08C1E70F7}"
EndProject
Project("{FAE04EC0-301F-11D3-BF4B-00C04F79EFBC}") = "Task33", "Task33\Task33.csproj", "{8811EF19-4B9E-4B60-8BA5-94162089BE31}"
EndProject
Project("{FAE04EC0-301F-11D3-BF4B-00C04F79EFBC}") = "Enums", "Enums\Enums.csproj", "{AA17285E-730F-4388-B02F-4BCCDFB27B8E}"
EndProject
Project("{FAE04EC0-301F-11D3-BF4B-00C04F79EFBC}") = "Inheritance", "Inheritance\Inheritance.csproj", "{77019EC4-9401-4C08-9FC4-CD40DED15005}"
EndProject
Project("{FAE04EC0-301F-11D3-BF4B-00C04F79EFBC}") = "InheritanceExercises", "InheritanceExercises\InheritanceExercises.csproj", "{4D1D5E4B-608E-4DB7-AE96-CEDAD5D0095D}"
EndProject
Project("{FAE04EC0-301F-11D3-BF4B-00C04F79EFBC}") = "InheritanceExercisesClassLibrary", "InheritanceExercisesClassLibrary\InheritanceExercisesClassLibrary.csproj", "{047FB4D2-216E-413A-9196-CB0C08F9D8F6}"
EndProject
Project("{FAE04EC0-301F-11D3-BF4B-00C04F79EFBC}") = "MyUsefulLibrary", "MyUsefulLibrary\MyUsefulLibrary.csproj", "{E2ADA1A6-5C1D-4CB7-B9BA-32F0E414DC57}"
EndProject
Project("{FAE04EC0-301F-11D3-BF4B-00C04F79EFBC}") = "Collections", "Collections\Collections.csproj", "{AF479F98-EDAE-4B0A-AD36-E9F11BBAC324}"
EndProject
Project("{FAE04EC0-301F-11D3-BF4B-00C04F79EFBC}") = "ExampleLINQ", "ExampleLINQ\ExampleLINQ.csproj", "{64B96647-8938-454D-8D36-CB181E7E4129}"
EndProject
Project("{FAE04EC0-301F-11D3-BF4B-00C04F79EFBC}") = "CollectionsExercise", "CollectionsExercise\CollectionsExercise.csproj", "{2279F812-5595-4A71-BE5E-94EBFE108395}"
EndProject
Project("{FAE04EC0-301F-11D3-BF4B-00C04F79EFBC}") = "Exceptions", "Exceptions\Exceptions.csproj", "{3D0ADF26-3B66-4BF1-91FF-C6CA750B279B}"
EndProject
Project("{FAE04EC0-301F-11D3-BF4B-00C04F79EFBC}") = "ExceptionExercise", "ExceptionExercise\ExceptionExercise.csproj", "{40425DF7-4B94-4A83-9498-E9665CE2CFBA}"
EndProject
Global
	GlobalSection(SolutionConfigurationPlatforms) = preSolution
		Debug|Any CPU = Debug|Any CPU
		Release|Any CPU = Release|Any CPU
	EndGlobalSection
	GlobalSection(ProjectConfigurationPlatforms) = postSolution
		{37787600-3ED8-4CE1-B441-A5613C59ACB8}.Debug|Any CPU.ActiveCfg = Debug|Any CPU
		{37787600-3ED8-4CE1-B441-A5613C59ACB8}.Debug|Any CPU.Build.0 = Debug|Any CPU
		{37787600-3ED8-4CE1-B441-A5613C59ACB8}.Release|Any CPU.ActiveCfg = Release|Any CPU
		{37787600-3ED8-4CE1-B441-A5613C59ACB8}.Release|Any CPU.Build.0 = Release|Any CPU
		{A68FAE35-5A58-4364-A55A-DDD5A004E8E2}.Debug|Any CPU.ActiveCfg = Debug|Any CPU
		{A68FAE35-5A58-4364-A55A-DDD5A004E8E2}.Debug|Any CPU.Build.0 = Debug|Any CPU
		{A68FAE35-5A58-4364-A55A-DDD5A004E8E2}.Release|Any CPU.ActiveCfg = Release|Any CPU
		{A68FAE35-5A58-4364-A55A-DDD5A004E8E2}.Release|Any CPU.Build.0 = Release|Any CPU
		{AE246C09-4D3D-43FD-AD2A-05A568D81C2B}.Debug|Any CPU.ActiveCfg = Debug|Any CPU
		{AE246C09-4D3D-43FD-AD2A-05A568D81C2B}.Debug|Any CPU.Build.0 = Debug|Any CPU
		{AE246C09-4D3D-43FD-AD2A-05A568D81C2B}.Release|Any CPU.ActiveCfg = Release|Any CPU
		{AE246C09-4D3D-43FD-AD2A-05A568D81C2B}.Release|Any CPU.Build.0 = Release|Any CPU
		{EF7FDBCA-3446-4094-BE1D-054B50FE1557}.Debug|Any CPU.ActiveCfg = Debug|Any CPU
		{EF7FDBCA-3446-4094-BE1D-054B50FE1557}.Debug|Any CPU.Build.0 = Debug|Any CPU
		{EF7FDBCA-3446-4094-BE1D-054B50FE1557}.Release|Any CPU.ActiveCfg = Release|Any CPU
		{EF7FDBCA-3446-4094-BE1D-054B50FE1557}.Release|Any CPU.Build.0 = Release|Any CPU
		{C62F1457-38AA-4289-BA3C-E498811C549F}.Debug|Any CPU.ActiveCfg = Debug|Any CPU
		{C62F1457-38AA-4289-BA3C-E498811C549F}.Debug|Any CPU.Build.0 = Debug|Any CPU
		{C62F1457-38AA-4289-BA3C-E498811C549F}.Release|Any CPU.ActiveCfg = Release|Any CPU
		{C62F1457-38AA-4289-BA3C-E498811C549F}.Release|Any CPU.Build.0 = Release|Any CPU
		{B543E212-B989-4387-A00A-2969B2A3ED0F}.Debug|Any CPU.ActiveCfg = Debug|Any CPU
		{B543E212-B989-4387-A00A-2969B2A3ED0F}.Debug|Any CPU.Build.0 = Debug|Any CPU
		{B543E212-B989-4387-A00A-2969B2A3ED0F}.Release|Any CPU.ActiveCfg = Release|Any CPU
		{B543E212-B989-4387-A00A-2969B2A3ED0F}.Release|Any CPU.Build.0 = Release|Any CPU
		{7F762087-4AF6-49CF-ABF4-12B716B20AC3}.Debug|Any CPU.ActiveCfg = Debug|Any CPU
		{7F762087-4AF6-49CF-ABF4-12B716B20AC3}.Debug|Any CPU.Build.0 = Debug|Any CPU
		{7F762087-4AF6-49CF-ABF4-12B716B20AC3}.Release|Any CPU.ActiveCfg = Release|Any CPU
		{7F762087-4AF6-49CF-ABF4-12B716B20AC3}.Release|Any CPU.Build.0 = Release|Any CPU
		{7EDC3740-4343-4536-AC9B-DFC785FE89F2}.Debug|Any CPU.ActiveCfg = Debug|Any CPU
		{7EDC3740-4343-4536-AC9B-DFC785FE89F2}.Debug|Any CPU.Build.0 = Debug|Any CPU
		{7EDC3740-4343-4536-AC9B-DFC785FE89F2}.Release|Any CPU.ActiveCfg = Release|Any CPU
		{7EDC3740-4343-4536-AC9B-DFC785FE89F2}.Release|Any CPU.Build.0 = Release|Any CPU
		{0E9FFCD4-106E-45F6-A404-1334503B20F4}.Debug|Any CPU.ActiveCfg = Debug|Any CPU
		{0E9FFCD4-106E-45F6-A404-1334503B20F4}.Debug|Any CPU.Build.0 = Debug|Any CPU
		{0E9FFCD4-106E-45F6-A404-1334503B20F4}.Release|Any CPU.ActiveCfg = Release|Any CPU
		{0E9FFCD4-106E-45F6-A404-1334503B20F4}.Release|Any CPU.Build.0 = Release|Any CPU
		{272F96C1-EB08-4AD5-810A-6D0659337CAC}.Debug|Any CPU.ActiveCfg = Debug|Any CPU
		{272F96C1-EB08-4AD5-810A-6D0659337CAC}.Debug|Any CPU.Build.0 = Debug|Any CPU
		{272F96C1-EB08-4AD5-810A-6D0659337CAC}.Release|Any CPU.ActiveCfg = Release|Any CPU
		{272F96C1-EB08-4AD5-810A-6D0659337CAC}.Release|Any CPU.Build.0 = Release|Any CPU
		{E3A1DCED-7E89-4990-8FF7-5069CDCB1E56}.Debug|Any CPU.ActiveCfg = Debug|Any CPU
		{E3A1DCED-7E89-4990-8FF7-5069CDCB1E56}.Debug|Any CPU.Build.0 = Debug|Any CPU
		{E3A1DCED-7E89-4990-8FF7-5069CDCB1E56}.Release|Any CPU.ActiveCfg = Release|Any CPU
		{E3A1DCED-7E89-4990-8FF7-5069CDCB1E56}.Release|Any CPU.Build.0 = Release|Any CPU
		{23524D78-B78A-4263-95C5-F6EDA6EE1545}.Debug|Any CPU.ActiveCfg = Debug|Any CPU
		{23524D78-B78A-4263-95C5-F6EDA6EE1545}.Debug|Any CPU.Build.0 = Debug|Any CPU
		{23524D78-B78A-4263-95C5-F6EDA6EE1545}.Release|Any CPU.ActiveCfg = Release|Any CPU
		{23524D78-B78A-4263-95C5-F6EDA6EE1545}.Release|Any CPU.Build.0 = Release|Any CPU
		{685A2954-87E8-4AC4-8125-2421E2BD172B}.Debug|Any CPU.ActiveCfg = Debug|Any CPU
		{685A2954-87E8-4AC4-8125-2421E2BD172B}.Debug|Any CPU.Build.0 = Debug|Any CPU
		{685A2954-87E8-4AC4-8125-2421E2BD172B}.Release|Any CPU.ActiveCfg = Release|Any CPU
		{685A2954-87E8-4AC4-8125-2421E2BD172B}.Release|Any CPU.Build.0 = Release|Any CPU
		{733E3289-D412-4C33-8929-0470F2677E21}.Debug|Any CPU.ActiveCfg = Debug|Any CPU
		{733E3289-D412-4C33-8929-0470F2677E21}.Debug|Any CPU.Build.0 = Debug|Any CPU
		{733E3289-D412-4C33-8929-0470F2677E21}.Release|Any CPU.ActiveCfg = Release|Any CPU
		{733E3289-D412-4C33-8929-0470F2677E21}.Release|Any CPU.Build.0 = Release|Any CPU
		{E28BC19B-D6CB-4085-B8A4-53C08C1E70F7}.Debug|Any CPU.ActiveCfg = Debug|Any CPU
		{E28BC19B-D6CB-4085-B8A4-53C08C1E70F7}.Debug|Any CPU.Build.0 = Debug|Any CPU
		{E28BC19B-D6CB-4085-B8A4-53C08C1E70F7}.Release|Any CPU.ActiveCfg = Release|Any CPU
		{E28BC19B-D6CB-4085-B8A4-53C08C1E70F7}.Release|Any CPU.Build.0 = Release|Any CPU
		{8811EF19-4B9E-4B60-8BA5-94162089BE31}.Debug|Any CPU.ActiveCfg = Debug|Any CPU
		{8811EF19-4B9E-4B60-8BA5-94162089BE31}.Debug|Any CPU.Build.0 = Debug|Any CPU
		{8811EF19-4B9E-4B60-8BA5-94162089BE31}.Release|Any CPU.ActiveCfg = Release|Any CPU
		{8811EF19-4B9E-4B60-8BA5-94162089BE31}.Release|Any CPU.Build.0 = Release|Any CPU
		{AA17285E-730F-4388-B02F-4BCCDFB27B8E}.Debug|Any CPU.ActiveCfg = Debug|Any CPU
		{AA17285E-730F-4388-B02F-4BCCDFB27B8E}.Debug|Any CPU.Build.0 = Debug|Any CPU
		{AA17285E-730F-4388-B02F-4BCCDFB27B8E}.Release|Any CPU.ActiveCfg = Release|Any CPU
		{AA17285E-730F-4388-B02F-4BCCDFB27B8E}.Release|Any CPU.Build.0 = Release|Any CPU
		{77019EC4-9401-4C08-9FC4-CD40DED15005}.Debug|Any CPU.ActiveCfg = Debug|Any CPU
		{77019EC4-9401-4C08-9FC4-CD40DED15005}.Debug|Any CPU.Build.0 = Debug|Any CPU
		{77019EC4-9401-4C08-9FC4-CD40DED15005}.Release|Any CPU.ActiveCfg = Release|Any CPU
		{77019EC4-9401-4C08-9FC4-CD40DED15005}.Release|Any CPU.Build.0 = Release|Any CPU
		{4D1D5E4B-608E-4DB7-AE96-CEDAD5D0095D}.Debug|Any CPU.ActiveCfg = Debug|Any CPU
		{4D1D5E4B-608E-4DB7-AE96-CEDAD5D0095D}.Debug|Any CPU.Build.0 = Debug|Any CPU
		{4D1D5E4B-608E-4DB7-AE96-CEDAD5D0095D}.Release|Any CPU.ActiveCfg = Release|Any CPU
		{4D1D5E4B-608E-4DB7-AE96-CEDAD5D0095D}.Release|Any CPU.Build.0 = Release|Any CPU
		{047FB4D2-216E-413A-9196-CB0C08F9D8F6}.Debug|Any CPU.ActiveCfg = Debug|Any CPU
		{047FB4D2-216E-413A-9196-CB0C08F9D8F6}.Debug|Any CPU.Build.0 = Debug|Any CPU
		{047FB4D2-216E-413A-9196-CB0C08F9D8F6}.Release|Any CPU.ActiveCfg = Release|Any CPU
		{047FB4D2-216E-413A-9196-CB0C08F9D8F6}.Release|Any CPU.Build.0 = Release|Any CPU
		{E2ADA1A6-5C1D-4CB7-B9BA-32F0E414DC57}.Debug|Any CPU.ActiveCfg = Debug|Any CPU
		{E2ADA1A6-5C1D-4CB7-B9BA-32F0E414DC57}.Debug|Any CPU.Build.0 = Debug|Any CPU
		{E2ADA1A6-5C1D-4CB7-B9BA-32F0E414DC57}.Release|Any CPU.ActiveCfg = Release|Any CPU
		{E2ADA1A6-5C1D-4CB7-B9BA-32F0E414DC57}.Release|Any CPU.Build.0 = Release|Any CPU
		{AF479F98-EDAE-4B0A-AD36-E9F11BBAC324}.Debug|Any CPU.ActiveCfg = Debug|Any CPU
		{AF479F98-EDAE-4B0A-AD36-E9F11BBAC324}.Debug|Any CPU.Build.0 = Debug|Any CPU
		{AF479F98-EDAE-4B0A-AD36-E9F11BBAC324}.Release|Any CPU.ActiveCfg = Release|Any CPU
		{AF479F98-EDAE-4B0A-AD36-E9F11BBAC324}.Release|Any CPU.Build.0 = Release|Any CPU
		{64B96647-8938-454D-8D36-CB181E7E4129}.Debug|Any CPU.ActiveCfg = Debug|Any CPU
		{64B96647-8938-454D-8D36-CB181E7E4129}.Debug|Any CPU.Build.0 = Debug|Any CPU
		{64B96647-8938-454D-8D36-CB181E7E4129}.Release|Any CPU.ActiveCfg = Release|Any CPU
		{64B96647-8938-454D-8D36-CB181E7E4129}.Release|Any CPU.Build.0 = Release|Any CPU
		{2279F812-5595-4A71-BE5E-94EBFE108395}.Debug|Any CPU.ActiveCfg = Debug|Any CPU
		{2279F812-5595-4A71-BE5E-94EBFE108395}.Debug|Any CPU.Build.0 = Debug|Any CPU
		{2279F812-5595-4A71-BE5E-94EBFE108395}.Release|Any CPU.ActiveCfg = Release|Any CPU
		{2279F812-5595-4A71-BE5E-94EBFE108395}.Release|Any CPU.Build.0 = Release|Any CPU
		{3D0ADF26-3B66-4BF1-91FF-C6CA750B279B}.Debug|Any CPU.ActiveCfg = Debug|Any CPU
		{3D0ADF26-3B66-4BF1-91FF-C6CA750B279B}.Debug|Any CPU.Build.0 = Debug|Any CPU
		{3D0ADF26-3B66-4BF1-91FF-C6CA750B279B}.Release|Any CPU.ActiveCfg = Release|Any CPU
		{3D0ADF26-3B66-4BF1-91FF-C6CA750B279B}.Release|Any CPU.Build.0 = Release|Any CPU
		{40425DF7-4B94-4A83-9498-E9665CE2CFBA}.Debug|Any CPU.ActiveCfg = Debug|Any CPU
		{40425DF7-4B94-4A83-9498-E9665CE2CFBA}.Debug|Any CPU.Build.0 = Debug|Any CPU
		{40425DF7-4B94-4A83-9498-E9665CE2CFBA}.Release|Any CPU.ActiveCfg = Release|Any CPU
		{40425DF7-4B94-4A83-9498-E9665CE2CFBA}.Release|Any CPU.Build.0 = Release|Any CPU
	EndGlobalSection
	GlobalSection(SolutionProperties) = preSolution
		HideSolutionNode = FALSE
	EndGlobalSection
	GlobalSection(NestedProjects) = preSolution
		{37787600-3ED8-4CE1-B441-A5613C59ACB8} = {31DFBC2B-620C-4895-957F-30FCE8D2F94E}
		{A68FAE35-5A58-4364-A55A-DDD5A004E8E2} = {EFAAB71F-7EC5-4816-A805-9286A5BF5384}
		{AE246C09-4D3D-43FD-AD2A-05A568D81C2B} = {EFAAB71F-7EC5-4816-A805-9286A5BF5384}
		{EF7FDBCA-3446-4094-BE1D-054B50FE1557} = {EFAAB71F-7EC5-4816-A805-9286A5BF5384}
		{C62F1457-38AA-4289-BA3C-E498811C549F} = {178EDA35-E203-44FC-A01F-B81AFF79DAFD}
		{B543E212-B989-4387-A00A-2969B2A3ED0F} = {178EDA35-E203-44FC-A01F-B81AFF79DAFD}
		{7F762087-4AF6-49CF-ABF4-12B716B20AC3} = {3ABFCD2C-4DD6-40F1-842A-44A6B7D33B89}
		{7EDC3740-4343-4536-AC9B-DFC785FE89F2} = {3ABFCD2C-4DD6-40F1-842A-44A6B7D33B89}
		{0E9FFCD4-106E-45F6-A404-1334503B20F4} = {3ABFCD2C-4DD6-40F1-842A-44A6B7D33B89}
		{272F96C1-EB08-4AD5-810A-6D0659337CAC} = {3ABFCD2C-4DD6-40F1-842A-44A6B7D33B89}
		{E3A1DCED-7E89-4990-8FF7-5069CDCB1E56} = {1949FDEF-9296-4D6E-A36A-18E10775AC5D}
		{23524D78-B78A-4263-95C5-F6EDA6EE1545} = {D45E16A8-CE25-4A57-B2EE-5A7AB7073CBD}
		{685A2954-87E8-4AC4-8125-2421E2BD172B} = {D45E16A8-CE25-4A57-B2EE-5A7AB7073CBD}
		{733E3289-D412-4C33-8929-0470F2677E21} = {D45E16A8-CE25-4A57-B2EE-5A7AB7073CBD}
		{E28BC19B-D6CB-4085-B8A4-53C08C1E70F7} = {D45E16A8-CE25-4A57-B2EE-5A7AB7073CBD}
		{8811EF19-4B9E-4B60-8BA5-94162089BE31} = {D45E16A8-CE25-4A57-B2EE-5A7AB7073CBD}
		{AA17285E-730F-4388-B02F-4BCCDFB27B8E} = {796E6D02-0059-4796-8C6F-1609A84BD124}
		{77019EC4-9401-4C08-9FC4-CD40DED15005} = {796E6D02-0059-4796-8C6F-1609A84BD124}
		{4D1D5E4B-608E-4DB7-AE96-CEDAD5D0095D} = {796E6D02-0059-4796-8C6F-1609A84BD124}
		{047FB4D2-216E-413A-9196-CB0C08F9D8F6} = {796E6D02-0059-4796-8C6F-1609A84BD124}
		{E2ADA1A6-5C1D-4CB7-B9BA-32F0E414DC57} = {796E6D02-0059-4796-8C6F-1609A84BD124}
		{AF479F98-EDAE-4B0A-AD36-E9F11BBAC324} = {00C3ACB7-D8BA-4966-A848-3C32CF484B5B}
		{64B96647-8938-454D-8D36-CB181E7E4129} = {00C3ACB7-D8BA-4966-A848-3C32CF484B5B}
		{2279F812-5595-4A71-BE5E-94EBFE108395} = {00C3ACB7-D8BA-4966-A848-3C32CF484B5B}
		{3D0ADF26-3B66-4BF1-91FF-C6CA750B279B} = {E5DD4F66-A0DD-46D4-AA18-51559E713C56}
		{40425DF7-4B94-4A83-9498-E9665CE2CFBA} = {E5DD4F66-A0DD-46D4-AA18-51559E713C56}
	EndGlobalSection
	GlobalSection(ExtensibilityGlobals) = postSolution
		SolutionGuid = {40AE2F6D-F983-4A12-BBB6-FCCFA890A12B}
	EndGlobalSection
EndGlobal
