
Microsoft Visual Studio Solution File, Format Version 12.00
# Visual Studio Version 17
VisualStudioVersion = 17.0.32112.339
MinimumVisualStudioVersion = 10.0.40219.1
Project("{2150E333-8FDC-42A3-9474-1A3956D46DE8}") = "Class01", "Class01", "{31DFBC2B-620C-4895-957F-30FCE8D2F94E}"
EndProject
Project("{2150E333-8FDC-42A3-9474-1A3956D46DE8}") = "Class02", "Class02", "{EFAAB71F-7EC5-4816-A805-9286A5BF5384}"
EndProject
Project("{2150E333-8FDC-42A3-9474-1A3956D46DE8}") = "Class03", "Class03", "{178EDA35-E203-44FC-A01F-B81AFF79DAFD}"
EndProject
Project("{2150E333-8FDC-42A3-9474-1A3956D46DE8}") = "Class04", "Class04", "{3ABFCD2C-4DD6-40F1-842A-44A6B7D33B89}"
EndProject
Project("{2150E333-8FDC-42A3-9474-1A3956D46DE8}") = "Class05", "Class05", "{1949FDEF-9296-4D6E-A36A-18E10775AC5D}"
EndProject
Project("{2150E333-8FDC-42A3-9474-1A3956D46DE8}") = "Class06", "Class06", "{D45E16A8-CE25-4A57-B2EE-5A7AB7073CBD}"
EndProject
Project("{2150E333-8FDC-42A3-9474-1A3956D46DE8}") = "Class07", "Class07", "{796E6D02-0059-4796-8C6F-1609A84BD124}"
EndProject
Project("{2150E333-8FDC-42A3-9474-1A3956D46DE8}") = "Class08", "Class08", "{00C3ACB7-D8BA-4966-A848-3C32CF484B5B}"
EndProject
Project("{2150E333-8FDC-42A3-9474-1A3956D46DE8}") = "Class09", "Class09", "{E5DD4F66-A0DD-46D4-AA18-51559E713C56}"
EndProject
Project("{FAE04EC0-301F-11D3-BF4B-00C04F79EFBC}") = "CSharpDataTypes", "CSharpDataTypes\CSharpDataTypes.csproj", "{998C7F54-8236-4EBC-9AFA-C1394A972759}"
EndProject
Project("{FAE04EC0-301F-11D3-BF4B-00C04F79EFBC}") = "ConditionalStructures", "ConditionalStructures\ConditionalStructures.csproj", "{4BFEE537-A87E-46A2-80C9-F135D484C917}"
EndProject
Project("{FAE04EC0-301F-11D3-BF4B-00C04F79EFBC}") = "ParsingApp", "ParsingApp\ParsingApp.csproj", "{1B26C325-9D55-497C-BAA1-5EB055E5B124}"
EndProject
Project("{FAE04EC0-301F-11D3-BF4B-00C04F79EFBC}") = "OurFirstConsoleApp", "OurFirstConsoleApp\OurFirstConsoleApp.csproj", "{86EEE565-8B19-468A-9895-4476BD7AD71A}"
EndProject
Project("{FAE04EC0-301F-11D3-BF4B-00C04F79EFBC}") = "Arrays", "Arrays\Arrays.csproj", "{4650EC69-E224-4BD8-890F-A1ADF029FE4C}"
EndProject
Project("{FAE04EC0-301F-11D3-BF4B-00C04F79EFBC}") = "Loops", "Loops\Loops.csproj", "{E0C6D559-1CBD-4560-87A9-5397BED2ED27}"
EndProject
Project("{FAE04EC0-301F-11D3-BF4B-00C04F79EFBC}") = "Dates", "Dates\Dates.csproj", "{4C6EA588-E6DE-431D-8D08-F70DBD3030E7}"
EndProject
Project("{FAE04EC0-301F-11D3-BF4B-00C04F79EFBC}") = "Methods", "Methods\Methods.csproj", "{20AD49DD-30B4-474F-A051-21AAD95CD6F1}"
EndProject
Project("{FAE04EC0-301F-11D3-BF4B-00C04F79EFBC}") = "Strings", "Strings\Strings.csproj", "{2C54FB86-28BD-4434-BE65-436EF30E1D9B}"
EndProject
Project("{FAE04EC0-301F-11D3-BF4B-00C04F79EFBC}") = "CSharpClasses", "CSharpClasses\CSharpClasses.csproj", "{2F0C597D-7861-4228-8966-F9AA48A4A042}"
EndProject
Project("{FAE04EC0-301F-11D3-BF4B-00C04F79EFBC}") = "ClassExercises", "ClassExercises\ClassExercises.csproj", "{6308FE1B-0FD1-486D-B80D-844790A23C15}"
EndProject
Project("{FAE04EC0-301F-11D3-BF4B-00C04F79EFBC}") = "Exercise2", "Exercise2\Exercise2.csproj", "{18E466B4-869F-4519-A564-40B11A7CA639}"
EndProject
Project("{FAE04EC0-301F-11D3-BF4B-00C04F79EFBC}") = "Exercise3", "Exercise3\Exercise3.csproj", "{45356072-BF1D-4177-ADF0-5816A28A648D}"
EndProject
Project("{FAE04EC0-301F-11D3-BF4B-00C04F79EFBC}") = "Exercise4", "Exercise4\Exercise4.csproj", "{2AE9DAA1-AF4B-4B8A-BA78-9CCE2179B640}"
EndProject
Project("{FAE04EC0-301F-11D3-BF4B-00C04F79EFBC}") = "Exercise1", "Exercise1\Exercise1.csproj", "{9C65B273-1DD9-4F23-AF87-CED511F20C5B}"
EndProject
Project("{FAE04EC0-301F-11D3-BF4B-00C04F79EFBC}") = "Enums", "Enums\Enums.csproj", "{6A1936AB-B8CA-4877-816B-1CD7E093F086}"
EndProject
Project("{FAE04EC0-301F-11D3-BF4B-00C04F79EFBC}") = "Inheritance", "Inheritance\Inheritance.csproj", "{63848D52-EF5E-4158-90C8-A820E2E98DA5}"
EndProject
Project("{FAE04EC0-301F-11D3-BF4B-00C04F79EFBC}") = "InheritanceExercisesClassLibrary", "InheritanceExercisesClassLibrary\InheritanceExercisesClassLibrary.csproj", "{BB55D272-CC6F-49B3-AC7D-FC6E296E1E8A}"
EndProject
Project("{FAE04EC0-301F-11D3-BF4B-00C04F79EFBC}") = "InheritanceExercises", "InheritanceExercises\InheritanceExercises.csproj", "{B3C83101-431C-400A-9138-94F690AC56EA}"
EndProject
Project("{FAE04EC0-301F-11D3-BF4B-00C04F79EFBC}") = "Collections", "Collections\Collections.csproj", "{687E98E3-80C0-41BB-8F6A-41EC1B45380E}"
EndProject
Project("{FAE04EC0-301F-11D3-BF4B-00C04F79EFBC}") = "LINQ", "LINQ\LINQ.csproj", "{C28AF484-2878-4034-BD78-401CEB9655E2}"
EndProject
Project("{FAE04EC0-301F-11D3-BF4B-00C04F79EFBC}") = "CollectionsExercises", "CollectionsExercises\CollectionsExercises.csproj", "{C3588B30-A4D2-422F-955A-B23D6E053DB3}"
EndProject
Project("{FAE04EC0-301F-11D3-BF4B-00C04F79EFBC}") = "Exceptions", "Exceptions\Exceptions.csproj", "{C9587224-2E01-41E9-8BB5-C763263D1D20}"
EndProject
Project("{FAE04EC0-301F-11D3-BF4B-00C04F79EFBC}") = "ExceptionsExercises", "ExceptionsExercises\ExceptionsExercises.csproj", "{10A00C65-D81B-4CC1-9065-1894FDACA0E0}"
EndProject
Project("{2150E333-8FDC-42A3-9474-1A3956D46DE8}") = "HeroesJourneyGame", "HeroesJourneyGame", "{B9FBABC8-ABC2-435C-A83D-0381E8034547}"
EndProject
Project("{FAE04EC0-301F-11D3-BF4B-00C04F79EFBC}") = "HeroesJourneyGame", "HeroesJourneyGame\HeroesJourneyGame.csproj", "{C2585FDD-F61F-4A9E-BB10-DB515FD3F3A4}"
EndProject
Project("{FAE04EC0-301F-11D3-BF4B-00C04F79EFBC}") = "OldSyntaxExample", "OldSyntaxExample\OldSyntaxExample.csproj", "{8028F32B-2B80-4084-96A6-016E1E4F6B11}"
EndProject
Global
	GlobalSection(SolutionConfigurationPlatforms) = preSolution
		Debug|Any CPU = Debug|Any CPU
		Release|Any CPU = Release|Any CPU
	EndGlobalSection
	GlobalSection(ProjectConfigurationPlatforms) = postSolution
		{998C7F54-8236-4EBC-9AFA-C1394A972759}.Debug|Any CPU.ActiveCfg = Debug|Any CPU
		{998C7F54-8236-4EBC-9AFA-C1394A972759}.Debug|Any CPU.Build.0 = Debug|Any CPU
		{998C7F54-8236-4EBC-9AFA-C1394A972759}.Release|Any CPU.ActiveCfg = Release|Any CPU
		{998C7F54-8236-4EBC-9AFA-C1394A972759}.Release|Any CPU.Build.0 = Release|Any CPU
		{4BFEE537-A87E-46A2-80C9-F135D484C917}.Debug|Any CPU.ActiveCfg = Debug|Any CPU
		{4BFEE537-A87E-46A2-80C9-F135D484C917}.Debug|Any CPU.Build.0 = Debug|Any CPU
		{4BFEE537-A87E-46A2-80C9-F135D484C917}.Release|Any CPU.ActiveCfg = Release|Any CPU
		{4BFEE537-A87E-46A2-80C9-F135D484C917}.Release|Any CPU.Build.0 = Release|Any CPU
		{1B26C325-9D55-497C-BAA1-5EB055E5B124}.Debug|Any CPU.ActiveCfg = Debug|Any CPU
		{1B26C325-9D55-497C-BAA1-5EB055E5B124}.Debug|Any CPU.Build.0 = Debug|Any CPU
		{1B26C325-9D55-497C-BAA1-5EB055E5B124}.Release|Any CPU.ActiveCfg = Release|Any CPU
		{1B26C325-9D55-497C-BAA1-5EB055E5B124}.Release|Any CPU.Build.0 = Release|Any CPU
		{86EEE565-8B19-468A-9895-4476BD7AD71A}.Debug|Any CPU.ActiveCfg = Debug|Any CPU
		{86EEE565-8B19-468A-9895-4476BD7AD71A}.Debug|Any CPU.Build.0 = Debug|Any CPU
		{86EEE565-8B19-468A-9895-4476BD7AD71A}.Release|Any CPU.ActiveCfg = Release|Any CPU
		{86EEE565-8B19-468A-9895-4476BD7AD71A}.Release|Any CPU.Build.0 = Release|Any CPU
		{4650EC69-E224-4BD8-890F-A1ADF029FE4C}.Debug|Any CPU.ActiveCfg = Debug|Any CPU
		{4650EC69-E224-4BD8-890F-A1ADF029FE4C}.Debug|Any CPU.Build.0 = Debug|Any CPU
		{4650EC69-E224-4BD8-890F-A1ADF029FE4C}.Release|Any CPU.ActiveCfg = Release|Any CPU
		{4650EC69-E224-4BD8-890F-A1ADF029FE4C}.Release|Any CPU.Build.0 = Release|Any CPU
		{E0C6D559-1CBD-4560-87A9-5397BED2ED27}.Debug|Any CPU.ActiveCfg = Debug|Any CPU
		{E0C6D559-1CBD-4560-87A9-5397BED2ED27}.Debug|Any CPU.Build.0 = Debug|Any CPU
		{E0C6D559-1CBD-4560-87A9-5397BED2ED27}.Release|Any CPU.ActiveCfg = Release|Any CPU
		{E0C6D559-1CBD-4560-87A9-5397BED2ED27}.Release|Any CPU.Build.0 = Release|Any CPU
		{4C6EA588-E6DE-431D-8D08-F70DBD3030E7}.Debug|Any CPU.ActiveCfg = Debug|Any CPU
		{4C6EA588-E6DE-431D-8D08-F70DBD3030E7}.Debug|Any CPU.Build.0 = Debug|Any CPU
		{4C6EA588-E6DE-431D-8D08-F70DBD3030E7}.Release|Any CPU.ActiveCfg = Release|Any CPU
		{4C6EA588-E6DE-431D-8D08-F70DBD3030E7}.Release|Any CPU.Build.0 = Release|Any CPU
		{20AD49DD-30B4-474F-A051-21AAD95CD6F1}.Debug|Any CPU.ActiveCfg = Debug|Any CPU
		{20AD49DD-30B4-474F-A051-21AAD95CD6F1}.Debug|Any CPU.Build.0 = Debug|Any CPU
		{20AD49DD-30B4-474F-A051-21AAD95CD6F1}.Release|Any CPU.ActiveCfg = Release|Any CPU
		{20AD49DD-30B4-474F-A051-21AAD95CD6F1}.Release|Any CPU.Build.0 = Release|Any CPU
		{2C54FB86-28BD-4434-BE65-436EF30E1D9B}.Debug|Any CPU.ActiveCfg = Debug|Any CPU
		{2C54FB86-28BD-4434-BE65-436EF30E1D9B}.Debug|Any CPU.Build.0 = Debug|Any CPU
		{2C54FB86-28BD-4434-BE65-436EF30E1D9B}.Release|Any CPU.ActiveCfg = Release|Any CPU
		{2C54FB86-28BD-4434-BE65-436EF30E1D9B}.Release|Any CPU.Build.0 = Release|Any CPU
		{2F0C597D-7861-4228-8966-F9AA48A4A042}.Debug|Any CPU.ActiveCfg = Debug|Any CPU
		{2F0C597D-7861-4228-8966-F9AA48A4A042}.Debug|Any CPU.Build.0 = Debug|Any CPU
		{2F0C597D-7861-4228-8966-F9AA48A4A042}.Release|Any CPU.ActiveCfg = Release|Any CPU
		{2F0C597D-7861-4228-8966-F9AA48A4A042}.Release|Any CPU.Build.0 = Release|Any CPU
		{6308FE1B-0FD1-486D-B80D-844790A23C15}.Debug|Any CPU.ActiveCfg = Debug|Any CPU
		{6308FE1B-0FD1-486D-B80D-844790A23C15}.Debug|Any CPU.Build.0 = Debug|Any CPU
		{6308FE1B-0FD1-486D-B80D-844790A23C15}.Release|Any CPU.ActiveCfg = Release|Any CPU
		{6308FE1B-0FD1-486D-B80D-844790A23C15}.Release|Any CPU.Build.0 = Release|Any CPU
		{18E466B4-869F-4519-A564-40B11A7CA639}.Debug|Any CPU.ActiveCfg = Debug|Any CPU
		{18E466B4-869F-4519-A564-40B11A7CA639}.Debug|Any CPU.Build.0 = Debug|Any CPU
		{18E466B4-869F-4519-A564-40B11A7CA639}.Release|Any CPU.ActiveCfg = Release|Any CPU
		{18E466B4-869F-4519-A564-40B11A7CA639}.Release|Any CPU.Build.0 = Release|Any CPU
		{45356072-BF1D-4177-ADF0-5816A28A648D}.Debug|Any CPU.ActiveCfg = Debug|Any CPU
		{45356072-BF1D-4177-ADF0-5816A28A648D}.Debug|Any CPU.Build.0 = Debug|Any CPU
		{45356072-BF1D-4177-ADF0-5816A28A648D}.Release|Any CPU.ActiveCfg = Release|Any CPU
		{45356072-BF1D-4177-ADF0-5816A28A648D}.Release|Any CPU.Build.0 = Release|Any CPU
		{2AE9DAA1-AF4B-4B8A-BA78-9CCE2179B640}.Debug|Any CPU.ActiveCfg = Debug|Any CPU
		{2AE9DAA1-AF4B-4B8A-BA78-9CCE2179B640}.Debug|Any CPU.Build.0 = Debug|Any CPU
		{2AE9DAA1-AF4B-4B8A-BA78-9CCE2179B640}.Release|Any CPU.ActiveCfg = Release|Any CPU
		{2AE9DAA1-AF4B-4B8A-BA78-9CCE2179B640}.Release|Any CPU.Build.0 = Release|Any CPU
		{9C65B273-1DD9-4F23-AF87-CED511F20C5B}.Debug|Any CPU.ActiveCfg = Debug|Any CPU
		{9C65B273-1DD9-4F23-AF87-CED511F20C5B}.Debug|Any CPU.Build.0 = Debug|Any CPU
		{9C65B273-1DD9-4F23-AF87-CED511F20C5B}.Release|Any CPU.ActiveCfg = Release|Any CPU
		{9C65B273-1DD9-4F23-AF87-CED511F20C5B}.Release|Any CPU.Build.0 = Release|Any CPU
		{6A1936AB-B8CA-4877-816B-1CD7E093F086}.Debug|Any CPU.ActiveCfg = Debug|Any CPU
		{6A1936AB-B8CA-4877-816B-1CD7E093F086}.Debug|Any CPU.Build.0 = Debug|Any CPU
		{6A1936AB-B8CA-4877-816B-1CD7E093F086}.Release|Any CPU.ActiveCfg = Release|Any CPU
		{6A1936AB-B8CA-4877-816B-1CD7E093F086}.Release|Any CPU.Build.0 = Release|Any CPU
		{63848D52-EF5E-4158-90C8-A820E2E98DA5}.Debug|Any CPU.ActiveCfg = Debug|Any CPU
		{63848D52-EF5E-4158-90C8-A820E2E98DA5}.Debug|Any CPU.Build.0 = Debug|Any CPU
		{63848D52-EF5E-4158-90C8-A820E2E98DA5}.Release|Any CPU.ActiveCfg = Release|Any CPU
		{63848D52-EF5E-4158-90C8-A820E2E98DA5}.Release|Any CPU.Build.0 = Release|Any CPU
		{BB55D272-CC6F-49B3-AC7D-FC6E296E1E8A}.Debug|Any CPU.ActiveCfg = Debug|Any CPU
		{BB55D272-CC6F-49B3-AC7D-FC6E296E1E8A}.Debug|Any CPU.Build.0 = Debug|Any CPU
		{BB55D272-CC6F-49B3-AC7D-FC6E296E1E8A}.Release|Any CPU.ActiveCfg = Release|Any CPU
		{BB55D272-CC6F-49B3-AC7D-FC6E296E1E8A}.Release|Any CPU.Build.0 = Release|Any CPU
		{B3C83101-431C-400A-9138-94F690AC56EA}.Debug|Any CPU.ActiveCfg = Debug|Any CPU
		{B3C83101-431C-400A-9138-94F690AC56EA}.Debug|Any CPU.Build.0 = Debug|Any CPU
		{B3C83101-431C-400A-9138-94F690AC56EA}.Release|Any CPU.ActiveCfg = Release|Any CPU
		{B3C83101-431C-400A-9138-94F690AC56EA}.Release|Any CPU.Build.0 = Release|Any CPU
		{687E98E3-80C0-41BB-8F6A-41EC1B45380E}.Debug|Any CPU.ActiveCfg = Debug|Any CPU
		{687E98E3-80C0-41BB-8F6A-41EC1B45380E}.Debug|Any CPU.Build.0 = Debug|Any CPU
		{687E98E3-80C0-41BB-8F6A-41EC1B45380E}.Release|Any CPU.ActiveCfg = Release|Any CPU
		{687E98E3-80C0-41BB-8F6A-41EC1B45380E}.Release|Any CPU.Build.0 = Release|Any CPU
		{C28AF484-2878-4034-BD78-401CEB9655E2}.Debug|Any CPU.ActiveCfg = Debug|Any CPU
		{C28AF484-2878-4034-BD78-401CEB9655E2}.Debug|Any CPU.Build.0 = Debug|Any CPU
		{C28AF484-2878-4034-BD78-401CEB9655E2}.Release|Any CPU.ActiveCfg = Release|Any CPU
		{C28AF484-2878-4034-BD78-401CEB9655E2}.Release|Any CPU.Build.0 = Release|Any CPU
		{C3588B30-A4D2-422F-955A-B23D6E053DB3}.Debug|Any CPU.ActiveCfg = Debug|Any CPU
		{C3588B30-A4D2-422F-955A-B23D6E053DB3}.Debug|Any CPU.Build.0 = Debug|Any CPU
		{C3588B30-A4D2-422F-955A-B23D6E053DB3}.Release|Any CPU.ActiveCfg = Release|Any CPU
		{C3588B30-A4D2-422F-955A-B23D6E053DB3}.Release|Any CPU.Build.0 = Release|Any CPU
		{C9587224-2E01-41E9-8BB5-C763263D1D20}.Debug|Any CPU.ActiveCfg = Debug|Any CPU
		{C9587224-2E01-41E9-8BB5-C763263D1D20}.Debug|Any CPU.Build.0 = Debug|Any CPU
		{C9587224-2E01-41E9-8BB5-C763263D1D20}.Release|Any CPU.ActiveCfg = Release|Any CPU
		{C9587224-2E01-41E9-8BB5-C763263D1D20}.Release|Any CPU.Build.0 = Release|Any CPU
		{10A00C65-D81B-4CC1-9065-1894FDACA0E0}.Debug|Any CPU.ActiveCfg = Debug|Any CPU
		{10A00C65-D81B-4CC1-9065-1894FDACA0E0}.Debug|Any CPU.Build.0 = Debug|Any CPU
		{10A00C65-D81B-4CC1-9065-1894FDACA0E0}.Release|Any CPU.ActiveCfg = Release|Any CPU
		{10A00C65-D81B-4CC1-9065-1894FDACA0E0}.Release|Any CPU.Build.0 = Release|Any CPU
		{C2585FDD-F61F-4A9E-BB10-DB515FD3F3A4}.Debug|Any CPU.ActiveCfg = Debug|Any CPU
		{C2585FDD-F61F-4A9E-BB10-DB515FD3F3A4}.Debug|Any CPU.Build.0 = Debug|Any CPU
		{C2585FDD-F61F-4A9E-BB10-DB515FD3F3A4}.Release|Any CPU.ActiveCfg = Release|Any CPU
		{C2585FDD-F61F-4A9E-BB10-DB515FD3F3A4}.Release|Any CPU.Build.0 = Release|Any CPU
		{8028F32B-2B80-4084-96A6-016E1E4F6B11}.Debug|Any CPU.ActiveCfg = Debug|Any CPU
		{8028F32B-2B80-4084-96A6-016E1E4F6B11}.Debug|Any CPU.Build.0 = Debug|Any CPU
		{8028F32B-2B80-4084-96A6-016E1E4F6B11}.Release|Any CPU.ActiveCfg = Release|Any CPU
		{8028F32B-2B80-4084-96A6-016E1E4F6B11}.Release|Any CPU.Build.0 = Release|Any CPU
	EndGlobalSection
	GlobalSection(SolutionProperties) = preSolution
		HideSolutionNode = FALSE
	EndGlobalSection
	GlobalSection(NestedProjects) = preSolution
		{998C7F54-8236-4EBC-9AFA-C1394A972759} = {EFAAB71F-7EC5-4816-A805-9286A5BF5384}
		{4BFEE537-A87E-46A2-80C9-F135D484C917} = {EFAAB71F-7EC5-4816-A805-9286A5BF5384}
		{1B26C325-9D55-497C-BAA1-5EB055E5B124} = {EFAAB71F-7EC5-4816-A805-9286A5BF5384}
		{86EEE565-8B19-468A-9895-4476BD7AD71A} = {31DFBC2B-620C-4895-957F-30FCE8D2F94E}
		{4650EC69-E224-4BD8-890F-A1ADF029FE4C} = {178EDA35-E203-44FC-A01F-B81AFF79DAFD}
		{E0C6D559-1CBD-4560-87A9-5397BED2ED27} = {178EDA35-E203-44FC-A01F-B81AFF79DAFD}
		{4C6EA588-E6DE-431D-8D08-F70DBD3030E7} = {3ABFCD2C-4DD6-40F1-842A-44A6B7D33B89}
		{20AD49DD-30B4-474F-A051-21AAD95CD6F1} = {3ABFCD2C-4DD6-40F1-842A-44A6B7D33B89}
		{2C54FB86-28BD-4434-BE65-436EF30E1D9B} = {3ABFCD2C-4DD6-40F1-842A-44A6B7D33B89}
		{2F0C597D-7861-4228-8966-F9AA48A4A042} = {1949FDEF-9296-4D6E-A36A-18E10775AC5D}
		{6308FE1B-0FD1-486D-B80D-844790A23C15} = {1949FDEF-9296-4D6E-A36A-18E10775AC5D}
		{18E466B4-869F-4519-A564-40B11A7CA639} = {D45E16A8-CE25-4A57-B2EE-5A7AB7073CBD}
		{45356072-BF1D-4177-ADF0-5816A28A648D} = {D45E16A8-CE25-4A57-B2EE-5A7AB7073CBD}
		{2AE9DAA1-AF4B-4B8A-BA78-9CCE2179B640} = {D45E16A8-CE25-4A57-B2EE-5A7AB7073CBD}
		{9C65B273-1DD9-4F23-AF87-CED511F20C5B} = {D45E16A8-CE25-4A57-B2EE-5A7AB7073CBD}
		{6A1936AB-B8CA-4877-816B-1CD7E093F086} = {796E6D02-0059-4796-8C6F-1609A84BD124}
		{63848D52-EF5E-4158-90C8-A820E2E98DA5} = {796E6D02-0059-4796-8C6F-1609A84BD124}
		{BB55D272-CC6F-49B3-AC7D-FC6E296E1E8A} = {796E6D02-0059-4796-8C6F-1609A84BD124}
		{B3C83101-431C-400A-9138-94F690AC56EA} = {796E6D02-0059-4796-8C6F-1609A84BD124}
		{687E98E3-80C0-41BB-8F6A-41EC1B45380E} = {00C3ACB7-D8BA-4966-A848-3C32CF484B5B}
		{C28AF484-2878-4034-BD78-401CEB9655E2} = {00C3ACB7-D8BA-4966-A848-3C32CF484B5B}
		{C3588B30-A4D2-422F-955A-B23D6E053DB3} = {00C3ACB7-D8BA-4966-A848-3C32CF484B5B}
		{C9587224-2E01-41E9-8BB5-C763263D1D20} = {E5DD4F66-A0DD-46D4-AA18-51559E713C56}
		{10A00C65-D81B-4CC1-9065-1894FDACA0E0} = {E5DD4F66-A0DD-46D4-AA18-51559E713C56}
		{C2585FDD-F61F-4A9E-BB10-DB515FD3F3A4} = {B9FBABC8-ABC2-435C-A83D-0381E8034547}
		{8028F32B-2B80-4084-96A6-016E1E4F6B11} = {31DFBC2B-620C-4895-957F-30FCE8D2F94E}
	EndGlobalSection
	GlobalSection(ExtensibilityGlobals) = postSolution
		SolutionGuid = {40AE2F6D-F983-4A12-BBB6-FCCFA890A12B}
	EndGlobalSection
EndGlobal
