
Microsoft Visual Studio Solution File, Format Version 12.00
# Visual Studio Version 17
VisualStudioVersion = 17.0.32112.339
MinimumVisualStudioVersion = 10.0.40219.1
Project("{2150E333-8FDC-42A3-9474-1A3956D46DE8}") = "Class01", "Class01", "{31DFBC2B-620C-4895-957F-30FCE8D2F94E}"
EndProject
Project("{2150E333-8FDC-42A3-9474-1A3956D46DE8}") = "Class02", "Class02", "{EFAAB71F-7EC5-4816-A805-9286A5BF5384}"
EndProject
Project("{2150E333-8FDC-42A3-9474-1A3956D46DE8}") = "Class03", "Class03", "{178EDA35-E203-44FC-A01F-B81AFF79DAFD}"
EndProject
Project("{2150E333-8FDC-42A3-9474-1A3956D46DE8}") = "Class04", "Class04", "{3ABFCD2C-4DD6-40F1-842A-44A6B7D33B89}"
EndProject
Project("{2150E333-8FDC-42A3-9474-1A3956D46DE8}") = "Class05", "Class05", "{1949FDEF-9296-4D6E-A36A-18E10775AC5D}"
EndProject
Project("{2150E333-8FDC-42A3-9474-1A3956D46DE8}") = "Class06", "Class06", "{D45E16A8-CE25-4A57-B2EE-5A7AB7073CBD}"
EndProject
Project("{2150E333-8FDC-42A3-9474-1A3956D46DE8}") = "Class07", "Class07", "{796E6D02-0059-4796-8C6F-1609A84BD124}"
EndProject
Project("{2150E333-8FDC-42A3-9474-1A3956D46DE8}") = "Class08", "Class08", "{00C3ACB7-D8BA-4966-A848-3C32CF484B5B}"
EndProject
Project("{2150E333-8FDC-42A3-9474-1A3956D46DE8}") = "Class09", "Class09", "{E5DD4F66-A0DD-46D4-AA18-51559E713C56}"
EndProject
Project("{FAE04EC0-301F-11D3-BF4B-00C04F79EFBC}") = "OurFirstProject", "OurFirstProject\OurFirstProject.csproj", "{37787600-3ED8-4CE1-B441-A5613C59ACB8}"
EndProject
Project("{FAE04EC0-301F-11D3-BF4B-00C04F79EFBC}") = "CSharpDataTypes", "CSharpDataTypes\CSharpDataTypes.csproj", "{A68FAE35-5A58-4364-A55A-DDD5A004E8E2}"
EndProject
Project("{FAE04EC0-301F-11D3-BF4B-00C04F79EFBC}") = "ParsingData", "ParsingData\ParsingData.csproj", "{AE246C09-4D3D-43FD-AD2A-05A568D81C2B}"
EndProject
Project("{FAE04EC0-301F-11D3-BF4B-00C04F79EFBC}") = "TreesExcercise", "TreesExcercise\TreesExcercise.csproj", "{EF7FDBCA-3446-4094-BE1D-054B50FE1557}"
EndProject
Project("{FAE04EC0-301F-11D3-BF4B-00C04F79EFBC}") = "Loops", "Loops\Loops.csproj", "{C62F1457-38AA-4289-BA3C-E498811C549F}"
EndProject
Project("{FAE04EC0-301F-11D3-BF4B-00C04F79EFBC}") = "Arrays", "Arrays\Arrays.csproj", "{B543E212-B989-4387-A00A-2969B2A3ED0F}"
EndProject
Global
	GlobalSection(SolutionConfigurationPlatforms) = preSolution
		Debug|Any CPU = Debug|Any CPU
		Release|Any CPU = Release|Any CPU
	EndGlobalSection
	GlobalSection(ProjectConfigurationPlatforms) = postSolution
		{37787600-3ED8-4CE1-B441-A5613C59ACB8}.Debug|Any CPU.ActiveCfg = Debug|Any CPU
		{37787600-3ED8-4CE1-B441-A5613C59ACB8}.Debug|Any CPU.Build.0 = Debug|Any CPU
		{37787600-3ED8-4CE1-B441-A5613C59ACB8}.Release|Any CPU.ActiveCfg = Release|Any CPU
		{37787600-3ED8-4CE1-B441-A5613C59ACB8}.Release|Any CPU.Build.0 = Release|Any CPU
		{A68FAE35-5A58-4364-A55A-DDD5A004E8E2}.Debug|Any CPU.ActiveCfg = Debug|Any CPU
		{A68FAE35-5A58-4364-A55A-DDD5A004E8E2}.Debug|Any CPU.Build.0 = Debug|Any CPU
		{A68FAE35-5A58-4364-A55A-DDD5A004E8E2}.Release|Any CPU.ActiveCfg = Release|Any CPU
		{A68FAE35-5A58-4364-A55A-DDD5A004E8E2}.Release|Any CPU.Build.0 = Release|Any CPU
		{AE246C09-4D3D-43FD-AD2A-05A568D81C2B}.Debug|Any CPU.ActiveCfg = Debug|Any CPU
		{AE246C09-4D3D-43FD-AD2A-05A568D81C2B}.Debug|Any CPU.Build.0 = Debug|Any CPU
		{AE246C09-4D3D-43FD-AD2A-05A568D81C2B}.Release|Any CPU.ActiveCfg = Release|Any CPU
		{AE246C09-4D3D-43FD-AD2A-05A568D81C2B}.Release|Any CPU.Build.0 = Release|Any CPU
		{EF7FDBCA-3446-4094-BE1D-054B50FE1557}.Debug|Any CPU.ActiveCfg = Debug|Any CPU
		{EF7FDBCA-3446-4094-BE1D-054B50FE1557}.Debug|Any CPU.Build.0 = Debug|Any CPU
		{EF7FDBCA-3446-4094-BE1D-054B50FE1557}.Release|Any CPU.ActiveCfg = Release|Any CPU
		{EF7FDBCA-3446-4094-BE1D-054B50FE1557}.Release|Any CPU.Build.0 = Release|Any CPU
		{C62F1457-38AA-4289-BA3C-E498811C549F}.Debug|Any CPU.ActiveCfg = Debug|Any CPU
		{C62F1457-38AA-4289-BA3C-E498811C549F}.Debug|Any CPU.Build.0 = Debug|Any CPU
		{C62F1457-38AA-4289-BA3C-E498811C549F}.Release|Any CPU.ActiveCfg = Release|Any CPU
		{C62F1457-38AA-4289-BA3C-E498811C549F}.Release|Any CPU.Build.0 = Release|Any CPU
		{B543E212-B989-4387-A00A-2969B2A3ED0F}.Debug|Any CPU.ActiveCfg = Debug|Any CPU
		{B543E212-B989-4387-A00A-2969B2A3ED0F}.Debug|Any CPU.Build.0 = Debug|Any CPU
		{B543E212-B989-4387-A00A-2969B2A3ED0F}.Release|Any CPU.ActiveCfg = Release|Any CPU
		{B543E212-B989-4387-A00A-2969B2A3ED0F}.Release|Any CPU.Build.0 = Release|Any CPU
	EndGlobalSection
	GlobalSection(SolutionProperties) = preSolution
		HideSolutionNode = FALSE
	EndGlobalSection
	GlobalSection(NestedProjects) = preSolution
		{37787600-3ED8-4CE1-B441-A5613C59ACB8} = {31DFBC2B-620C-4895-957F-30FCE8D2F94E}
		{A68FAE35-5A58-4364-A55A-DDD5A004E8E2} = {EFAAB71F-7EC5-4816-A805-9286A5BF5384}
		{AE246C09-4D3D-43FD-AD2A-05A568D81C2B} = {EFAAB71F-7EC5-4816-A805-9286A5BF5384}
		{EF7FDBCA-3446-4094-BE1D-054B50FE1557} = {EFAAB71F-7EC5-4816-A805-9286A5BF5384}
		{C62F1457-38AA-4289-BA3C-E498811C549F} = {178EDA35-E203-44FC-A01F-B81AFF79DAFD}
		{B543E212-B989-4387-A00A-2969B2A3ED0F} = {178EDA35-E203-44FC-A01F-B81AFF79DAFD}
	EndGlobalSection
	GlobalSection(ExtensibilityGlobals) = postSolution
		SolutionGuid = {40AE2F6D-F983-4A12-BBB6-FCCFA890A12B}
	EndGlobalSection
EndGlobal
